
Microsoft Visual Studio Solution File, Format Version 12.00
# Visual Studio Version 17
VisualStudioVersion = 17.10.35027.167
MinimumVisualStudioVersion = 10.0.40219.1
Project("{FAE04EC0-301F-11D3-BF4B-00C04F79EFBC}") = "VillageRentalsMS", "VillageRentalsMS.csproj", "{A6C1874F-7443-4E14-87A7-C88F0A203A81}"
EndProject
Global
	GlobalSection(SolutionConfigurationPlatforms) = preSolution
		Debug|Any CPU = Debug|Any CPU
		Release|Any CPU = Release|Any CPU
	EndGlobalSection
	GlobalSection(ProjectConfigurationPlatforms) = postSolution
		{A6C1874F-7443-4E14-87A7-C88F0A203A81}.Debug|Any CPU.ActiveCfg = Debug|Any CPU
		{A6C1874F-7443-4E14-87A7-C88F0A203A81}.Debug|Any CPU.Build.0 = Debug|Any CPU
		{A6C1874F-7443-4E14-87A7-C88F0A203A81}.Release|Any CPU.ActiveCfg = Release|Any CPU
		{A6C1874F-7443-4E14-87A7-C88F0A203A81}.Release|Any CPU.Build.0 = Release|Any CPU
	EndGlobalSection
	GlobalSection(SolutionProperties) = preSolution
		HideSolutionNode = FALSE
	EndGlobalSection
	GlobalSection(ExtensibilityGlobals) = postSolution
		SolutionGuid = {9E6E2D07-A180-41E3-9B7D-67F6D3414800}
	EndGlobalSection
EndGlobal
